Microsoft Visual Studio Solution File, Format Version 1.00
Project("{66355F20-A65B-11D0-BFB5-00A0C91EBFA0}") = "PersistSubs", "PersistSubs.vjp", "{2318FC07-BB7A-4219-ADF7-A3CBBFEDE858}"
EndProject
Global
	GlobalSection(LocalDeployment) = postSolution
		StartupProject = {2318FC07-BB7A-4219-ADF7-A3CBBFEDE858}
	EndGlobalSection
	GlobalSection(BuildOrder) = postSolution
		0 = {2318FC07-BB7A-4219-ADF7-A3CBBFEDE858}
	EndGlobalSection
	GlobalSection(DeploymentRoot) = postSolution
	EndGlobalSection
EndGlobal
