Microsoft Visual Studio Solution File, Format Version 1.00
Project("{66355F20-A65B-11D0-BFB5-00A0C91EBFA0}") = "NewsFlash", "NewsFlash.vjp", "{86F87389-1364-4A78-9461-4C7EF812B377}"
EndProject
Global
	GlobalSection(LocalDeployment) = postSolution
		StartupProject = {86F87389-1364-4A78-9461-4C7EF812B377}
	EndGlobalSection
	GlobalSection(BuildOrder) = postSolution
		0 = {86F87389-1364-4A78-9461-4C7EF812B377}
	EndGlobalSection
	GlobalSection(DeploymentRoot) = postSolution
	EndGlobalSection
EndGlobal
