Microsoft Visual Studio Solution File, Format Version 1.00
Project("{66355F20-A65B-11D0-BFB5-00A0C91EBFA0}") = "NewsSubscriber", "NewsSubscriber.vjp", "{A877C841-4B78-4BD2-ADE4-17799E1559A7}"
EndProject
Global
	GlobalSection(LocalDeployment) = postSolution
		StartupProject = {A877C841-4B78-4BD2-ADE4-17799E1559A7}
	EndGlobalSection
	GlobalSection(BuildOrder) = postSolution
		0 = {A877C841-4B78-4BD2-ADE4-17799E1559A7}
	EndGlobalSection
	GlobalSection(DeploymentRoot) = postSolution
	EndGlobalSection
EndGlobal
