Microsoft Visual Studio Solution File, Format Version 1.00
Project("{66355F20-A65B-11D0-BFB5-00A0C91EBFA0}") = "NewsSubscriber", "NewsSubscriber.vjp", "{03FD8565-DB53-468E-89C8-3628FF889237}"
EndProject
Global
	GlobalSection(LocalDeployment) = postSolution
		StartupProject = {03FD8565-DB53-468E-89C8-3628FF889237}
	EndGlobalSection
	GlobalSection(BuildOrder) = postSolution
		0 = {03FD8565-DB53-468E-89C8-3628FF889237}
	EndGlobalSection
	GlobalSection(DeploymentRoot) = postSolution
	EndGlobalSection
EndGlobal
